
Microsoft Visual Studio Solution File, Format Version 12.00
# Visual Studio Version 16
VisualStudioVersion = 16.0.30225.117
MinimumVisualStudioVersion = 10.0.40219.1
Project("{FAE04EC0-301F-11D3-BF4B-00C04F79EFBC}") = "Consigliere", "Consigliere\Consigliere.csproj", "{250484DF-C9A9-424B-8EC7-77748552142E}"
EndProject
Global
	GlobalSection(SolutionConfigurationPlatforms) = preSolution
		Debug|Any CPU = Debug|Any CPU
		Release|Any CPU = Release|Any CPU
	EndGlobalSection
	GlobalSection(ProjectConfigurationPlatforms) = postSolution
		{250484DF-C9A9-424B-8EC7-77748552142E}.Debug|Any CPU.ActiveCfg = Debug|Any CPU
		{250484DF-C9A9-424B-8EC7-77748552142E}.Debug|Any CPU.Build.0 = Debug|Any CPU
		{250484DF-C9A9-424B-8EC7-77748552142E}.Release|Any CPU.ActiveCfg = Release|Any CPU
		{250484DF-C9A9-424B-8EC7-77748552142E}.Release|Any CPU.Build.0 = Release|Any CPU
	EndGlobalSection
	GlobalSection(SolutionProperties) = preSolution
		HideSolutionNode = FALSE
	EndGlobalSection
	GlobalSection(ExtensibilityGlobals) = postSolution
		SolutionGuid = {D7222870-F909-4684-91A0-A9A73E71D2CA}
	EndGlobalSection
EndGlobal
